
Microsoft Visual Studio Solution File, Format Version 12.00
# Visual Studio 15
VisualStudioVersion = 15.0.28307.106
MinimumVisualStudioVersion = 10.0.40219.1
Project("{FAE04EC0-301F-11D3-BF4B-00C04F79EFBC}") = "ServerSDK", "ServerSDK.csproj", "{8BCCEE67-2A37-4952-8D9B-9E413DA7A54A}"
EndProject
Global
	GlobalSection(SolutionConfigurationPlatforms) = preSolution
		Debug|Any CPU = Debug|Any CPU
		Release|Any CPU = Release|Any CPU
	EndGlobalSection
	GlobalSection(ProjectConfigurationPlatforms) = postSolution
		{8BCCEE67-2A37-4952-8D9B-9E413DA7A54A}.Debug|Any CPU.ActiveCfg = Debug|Any CPU
		{8BCCEE67-2A37-4952-8D9B-9E413DA7A54A}.Debug|Any CPU.Build.0 = Debug|Any CPU
		{8BCCEE67-2A37-4952-8D9B-9E413DA7A54A}.Release|Any CPU.ActiveCfg = Release|Any CPU
		{8BCCEE67-2A37-4952-8D9B-9E413DA7A54A}.Release|Any CPU.Build.0 = Release|Any CPU
	EndGlobalSection
	GlobalSection(SolutionProperties) = preSolution
		HideSolutionNode = FALSE
	EndGlobalSection
	GlobalSection(ExtensibilityGlobals) = postSolution
		SolutionGuid = {6911D6A1-5396-4C50-9C16-B6CD3309C6A1}
	EndGlobalSection
EndGlobal
